
Microsoft Visual Studio Solution File, Format Version 12.00
# Visual Studio Version 17
VisualStudioVersion = 17.8.34316.72
MinimumVisualStudioVersion = 10.0.40219.1
Project("{FAE04EC0-301F-11D3-BF4B-00C04F79EFBC}") = "Subtree", "Subtree.csproj", "{9F5D44DD-DD8B-438E-AF61-B981218FE564}"
EndProject
Global
	GlobalSection(SolutionConfigurationPlatforms) = preSolution
		Debug|Any CPU = Debug|Any CPU
		Release|Any CPU = Release|Any CPU
	EndGlobalSection
	GlobalSection(ProjectConfigurationPlatforms) = postSolution
		{9F5D44DD-DD8B-438E-AF61-B981218FE564}.Debug|Any CPU.ActiveCfg = Debug|Any CPU
		{9F5D44DD-DD8B-438E-AF61-B981218FE564}.Debug|Any CPU.Build.0 = Debug|Any CPU
		{9F5D44DD-DD8B-438E-AF61-B981218FE564}.Release|Any CPU.ActiveCfg = Release|Any CPU
		{9F5D44DD-DD8B-438E-AF61-B981218FE564}.Release|Any CPU.Build.0 = Release|Any CPU
	EndGlobalSection
	GlobalSection(SolutionProperties) = preSolution
		HideSolutionNode = FALSE
	EndGlobalSection
	GlobalSection(ExtensibilityGlobals) = postSolution
		SolutionGuid = {98549323-207C-4304-8775-5F5F87FAB6E0}
	EndGlobalSection
EndGlobal
